// !$*UTF8*$!
{
	archiveVersion = 1;
	classes = {
	};
	objectVersion = 46;
	objects = {

/* Begin PBXBuildFile section */
		014DA362FE60F96A922DEDB6 /* Cocoa.framework */ = {isa = PBXBuildFile; fileRef = F66BD790F00372D155F4783A; };
		0380E734B24A6032D567EB5E /* Security.framework */ = {isa = PBXBuildFile; fileRef = BDFB1CB59F031C60990EF222; };
		062DE8F140039ABAC5C99356 /* include_juce_data_structures.mm */ = {isa = PBXBuildFile; fileRef = 288BE033FCE25BAE8F84C35B; };
		0D0D70C0992202452D7CFE48 /* QuartzCore.framework */ = {isa = PBXBuildFile; fileRef = 6834E6EA5211024E477202D6; };
		0D24BC9D19F884353E90F22C /* RecentFilesMenuTemplate.nib */ = {isa = PBXBuildFile; fileRef = 80F0706AF8CCD32EDEBDA5DA; };
		0D6326AAC4EDF03C966B5BD9 /* Metal.framework */ = {isa = PBXBuildFile; fileRef = D753F813CE8CCADB9E65C341; settings = { ATTRIBUTES = (Weak, ); }; };
		1631C65BF0381022A0EFCE63 /* include_juce_events.mm */ = {isa = PBXBuildFile; fileRef = 18AC48853B9C3C8080566351; };
		459DFE2002BD25A4D5CA2921 /* include_juce_gui_basics.mm */ = {isa = PBXBuildFile; fileRef = 0E067BE0ABB2C72C60EF9C16; };
		4A34F5AF069CFDB69FF7D78F /* App */ = {isa = PBXBuildFile; fileRef = 5F735DB2FBCB3D48785F47F7; };
		674714149CA05D0B5EFC801A /* include_juce_graphics.mm */ = {isa = PBXBuildFile; fileRef = B7D14929EEEA1A1A824CA369; };
		7204A03D68E6672B741B093F /* MainComponent.cpp */ = {isa = PBXBuildFile; fileRef = D8A2788AC7DCD3E0E3AD8422; };
		8BF83DE4AD1356A37B4C5D0D /* MetalKit.framework */ = {isa = PBXBuildFile; fileRef = 6CEB7340A2C4CD5305F97ED0; settings = { ATTRIBUTES = (Weak, ); }; };
		8C53D736F12ADF11CBC8396D /* IOKit.framework */ = {isa = PBXBuildFile; fileRef = 9EF8AD5F8E75A33A6B184D3C; };
		9ACB0873225F70506A0940BE /* Main.cpp */ = {isa = PBXBuildFile; fileRef = 83FB0608053ABA2944474C8C; };
		C5D03E5F96E06B4A64A8A13D /* include_juce_core.mm */ = {isa = PBXBuildFile; fileRef = 2715CA553B21A8D99A8F7A94; };
		DA4AC44CCA6D06E54B9CF187 /* Foundation.framework */ = {isa = PBXBuildFile; fileRef = F467A6BBCFCF007CC3CE1D36; };
/* End PBXBuildFile section */

/* Begin PBXFileReference section */
		0E067BE0ABB2C72C60EF9C16 /* include_juce_gui_basics.mm */ /* include_juce_gui_basics.mm */ = {isa = PBXFileReference; lastKnownFileType = sourcecode.cpp.objcpp; name = include_juce_gui_basics.mm; path = ../../JuceLibraryCode/include_juce_gui_basics.mm; sourceTree = SOURCE_ROOT; };
		14389EDA9246774CB89635A0 /* juce_data_structures */ /* juce_data_structures */ = {isa = PBXFileReference; lastKnownFileType = folder; name = juce_data_structures; path = ../../../modules/juce/modules/juce_data_structures; sourceTree = SOURCE_ROOT; };
		18AC48853B9C3C8080566351 /* include_juce_events.mm */ /* include_juce_events.mm */ = {isa = PBXFileReference; lastKnownFileType = sourcecode.cpp.objcpp; name = include_juce_events.mm; path = ../../JuceLibraryCode/include_juce_events.mm; sourceTree = SOURCE_ROOT; };
		2715CA553B21A8D99A8F7A94 /* include_juce_core.mm */ /* include_juce_core.mm */ = {isa = PBXFileReference; lastKnownFileType = sourcecode.cpp.objcpp; name = include_juce_core.mm; path = ../../JuceLibraryCode/include_juce_core.mm; sourceTree = SOURCE_ROOT; };
		288BE033FCE25BAE8F84C35B /* include_juce_data_structures.mm */ /* include_juce_data_structures.mm */ = {isa = PBXFileReference; lastKnownFileType = sourcecode.cpp.objcpp; name = include_juce_data_structures.mm; path = ../../JuceLibraryCode/include_juce_data_structures.mm; sourceTree = SOURCE_ROOT; };
		49CD7A9F058F9FEF32517787 /* Info-App.plist */ /* Info-App.plist */ = {isa = PBXFileReference; lastKnownFileType = text.plist.xml; name = "Info-App.plist"; path = "Info-App.plist"; sourceTree = SOURCE_ROOT; };
		5F735DB2FBCB3D48785F47F7 /* App */ = {isa = PBXFileReference; explicitFileType = wrapper.application; includeInIndex = 0; path = PushColours.app; sourceTree = BUILT_PRODUCTS_DIR; };
		6834E6EA5211024E477202D6 /* QuartzCore.framework */ /* QuartzCore.framework */ = {isa = PBXFileReference; lastKnownFileType = wrapper.framework; name = QuartzCore.framework; path = System/Library/Frameworks/QuartzCore.framework; sourceTree = SDKROOT; };
		6A7ADFD745E767B66AC1EA6D /* juce_core */ /* juce_core */ = {isa = PBXFileReference; lastKnownFileType = folder; name = juce_core; path = ../../../modules/juce/modules/juce_core; sourceTree = SOURCE_ROOT; };
		6CEB7340A2C4CD5305F97ED0 /* MetalKit.framework */ /* MetalKit.framework */ = {isa = PBXFileReference; lastKnownFileType = wrapper.framework; name = MetalKit.framework; path = System/Library/Frameworks/MetalKit.framework; sourceTree = SDKROOT; };
		80F0706AF8CCD32EDEBDA5DA /* RecentFilesMenuTemplate.nib */ /* RecentFilesMenuTemplate.nib */ = {isa = PBXFileReference; lastKnownFileType = file.nib; name = RecentFilesMenuTemplate.nib; path = RecentFilesMenuTemplate.nib; sourceTree = SOURCE_ROOT; };
		8365BBDC8F39B2F4DDC68EB2 /* juce_events */ /* juce_events */ = {isa = PBXFileReference; lastKnownFileType = folder; name = juce_events; path = ../../../modules/juce/modules/juce_events; sourceTree = SOURCE_ROOT; };
		83FB0608053ABA2944474C8C /* Main.cpp */ /* Main.cpp */ = {isa = PBXFileReference; lastKnownFileType = sourcecode.cpp.cpp; name = Main.cpp; path = ../../Source/Main.cpp; sourceTree = SOURCE_ROOT; };
		95FEA4AECCE65C5F86276104 /* JuceHeader.h */ /* JuceHeader.h */ = {isa = PBXFileReference; lastKnownFileType = sourcecode.c.h; name = JuceHeader.h; path = ../../JuceLibraryCode/JuceHeader.h; sourceTree = SOURCE_ROOT; };
		9EF8AD5F8E75A33A6B184D3C /* IOKit.framework */ /* IOKit.framework */ = {isa = PBXFileReference; lastKnownFileType = wrapper.framework; name = IOKit.framework; path = System/Library/Frameworks/IOKit.framework; sourceTree = SDKROOT; };
		B7D14929EEEA1A1A824CA369 /* include_juce_graphics.mm */ /* include_juce_graphics.mm */ = {isa = PBXFileReference; lastKnownFileType = sourcecode.cpp.objcpp; name = include_juce_graphics.mm; path = ../../JuceLibraryCode/include_juce_graphics.mm; sourceTree = SOURCE_ROOT; };
		BDFB1CB59F031C60990EF222 /* Security.framework */ /* Security.framework */ = {isa = PBXFileReference; lastKnownFileType = wrapper.framework; name = Security.framework; path = System/Library/Frameworks/Security.framework; sourceTree = SDKROOT; };
		D22A60D50DF15530B3215C4E /* juce_graphics */ /* juce_graphics */ = {isa = PBXFileReference; lastKnownFileType = folder; name = juce_graphics; path = ../../../modules/juce/modules/juce_graphics; sourceTree = SOURCE_ROOT; };
		D753F813CE8CCADB9E65C341 /* Metal.framework */ /* Metal.framework */ = {isa = PBXFileReference; lastKnownFileType = wrapper.framework; name = Metal.framework; path = System/Library/Frameworks/Metal.framework; sourceTree = SDKROOT; };
		D8A2788AC7DCD3E0E3AD8422 /* MainComponent.cpp */ /* MainComponent.cpp */ = {isa = PBXFileReference; lastKnownFileType = sourcecode.cpp.cpp; name = MainComponent.cpp; path = ../../Source/MainComponent.cpp; sourceTree = SOURCE_ROOT; };
		E5D70CBE92A42DE55583BF29 /* MainComponent.h */ /* MainComponent.h */ = {isa = PBXFileReference; lastKnownFileType = sourcecode.c.h; name = MainComponent.h; path = ../../Source/MainComponent.h; sourceTree = SOURCE_ROOT; };
		F0527010ACE759AE829CD949 /* juce_gui_basics */ /* juce_gui_basics */ = {isa = PBXFileReference; lastKnownFileType = folder; name = juce_gui_basics; path = ../../../modules/juce/modules/juce_gui_basics; sourceTree = SOURCE_ROOT; };
		F467A6BBCFCF007CC3CE1D36 /* Foundation.framework */ /* Foundation.framework */ = {isa = PBXFileReference; lastKnownFileType = wrapper.framework; name = Foundation.framework; path = System/Library/Frameworks/Foundation.framework; sourceTree = SDKROOT; };
		F66BD790F00372D155F4783A /* Cocoa.framework */ /* Cocoa.framework */ = {isa = PBXFileReference; lastKnownFileType = wrapper.framework; name = Cocoa.framework; path = System/Library/Frameworks/Cocoa.framework; sourceTree = SDKROOT; };
/* End PBXFileReference section */

/* Begin PBXFrameworksBuildPhase section */
		523F46173B1CFD7E955984DC = {
			isa = PBXFrameworksBuildPhase;
			buildActionMask = 2147483647;
			files = (
				014DA362FE60F96A922DEDB6,
				DA4AC44CCA6D06E54B9CF187,
				8C53D736F12ADF11CBC8396D,
				0D0D70C0992202452D7CFE48,
				0380E734B24A6032D567EB5E,
				0D6326AAC4EDF03C966B5BD9,
				8BF83DE4AD1356A37B4C5D0D,
			);
			runOnlyForDeploymentPostprocessing = 0;
		};
/* End PBXFrameworksBuildPhase section */

/* Begin PBXGroup section */
		202AB0607B61BA1E11FECEC9 /* Resources */ = {
			isa = PBXGroup;
			children = (
				49CD7A9F058F9FEF32517787,
				80F0706AF8CCD32EDEBDA5DA,
			);
			name = Resources;
			sourceTree = "<group>";
		};
		4511761659178BE278BFEE66 /* PushColours */ = {
			isa = PBXGroup;
			children = (
				4E32A346A0FB90F7D3EF137D,
			);
			name = PushColours;
			sourceTree = "<group>";
		};
		4E32A346A0FB90F7D3EF137D /* Source */ = {
			isa = PBXGroup;
			children = (
				83FB0608053ABA2944474C8C,
				E5D70CBE92A42DE55583BF29,
				D8A2788AC7DCD3E0E3AD8422,
			);
			name = Source;
			sourceTree = "<group>";
		};
		832A3D0FFA049E52F74C40B5 /* Products */ = {
			isa = PBXGroup;
			children = (
				5F735DB2FBCB3D48785F47F7,
			);
			name = Products;
			sourceTree = "<group>";
		};
		AB02ABEF257C093616F8A730 /* JUCE Modules */ = {
			isa = PBXGroup;
			children = (
				6A7ADFD745E767B66AC1EA6D,
				14389EDA9246774CB89635A0,
				8365BBDC8F39B2F4DDC68EB2,
				D22A60D50DF15530B3215C4E,
				F0527010ACE759AE829CD949,
			);
			name = "JUCE Modules";
			sourceTree = "<group>";
		};
		E86FB0A8881EB01F238EEEB6 /* Frameworks */ = {
			isa = PBXGroup;
			children = (
				F66BD790F00372D155F4783A,
				F467A6BBCFCF007CC3CE1D36,
				9EF8AD5F8E75A33A6B184D3C,
				6834E6EA5211024E477202D6,
				BDFB1CB59F031C60990EF222,
				D753F813CE8CCADB9E65C341,
				6CEB7340A2C4CD5305F97ED0,
			);
			name = Frameworks;
			sourceTree = "<group>";
		};
		ECE378B5740186A43433FB1D /* Source */ = {
			isa = PBXGroup;
			children = (
				4511761659178BE278BFEE66,
				AB02ABEF257C093616F8A730,
				F08EBA53EB425CB2C891994F,
				202AB0607B61BA1E11FECEC9,
				E86FB0A8881EB01F238EEEB6,
				832A3D0FFA049E52F74C40B5,
			);
			name = Source;
			sourceTree = "<group>";
		};
		F08EBA53EB425CB2C891994F /* JUCE Library Code */ = {
			isa = PBXGroup;
			children = (
				2715CA553B21A8D99A8F7A94,
				288BE033FCE25BAE8F84C35B,
				18AC48853B9C3C8080566351,
				B7D14929EEEA1A1A824CA369,
				0E067BE0ABB2C72C60EF9C16,
				95FEA4AECCE65C5F86276104,
			);
			name = "JUCE Library Code";
			sourceTree = "<group>";
		};
/* End PBXGroup section */

/* Begin PBXNativeTarget section */
		54F7281184E96E56824A94D5 /* PushColours - App */ = {
			isa = PBXNativeTarget;
			buildConfigurationList = 86E480615D88CCBEC738D4CB;
			buildPhases = (
				76EBFFF36E419CF08260BD1A,
				AB9AE57FFF9C42D106C94BFA,
				523F46173B1CFD7E955984DC,
			);
			buildRules = (
			);
			dependencies = (
			);
			name = "PushColours - App";
			productName = PushColours;
			productReference = 5F735DB2FBCB3D48785F47F7;
			productType = "com.apple.product-type.application";
		};
/* End PBXNativeTarget section */

/* Begin PBXProject section */
		F909AE4DD623CB5F4ACEC9AA = {
			isa = PBXProject;
			attributes = {
				BuildIndependentTargetsInParallel = YES;
				LastUpgradeCheck = 1340;
				ORGANIZATIONNAME = "";
				TargetAttributes = {
					54F7281184E96E56824A94D5 = {
						SystemCapabilities = {
							com.apple.ApplicationGroups.iOS = {
								enabled = 0;
							};
							com.apple.HardenedRuntime = {
								enabled = 0;
							};
							com.apple.InAppPurchase = {
								enabled = 0;
							};
							com.apple.InterAppAudio = {
								enabled = 0;
							};
							com.apple.Push = {
								enabled = 0;
							};
							com.apple.Sandbox = {
								enabled = 0;
							};
						};
					};
				};
			};
			buildConfigurationList = BE36A9B396BB8FDAD8F05609;
			compatibilityVersion = "Xcode 3.2";
			hasScannedForEncodings = 0;
			knownRegions = (
				en,
				Base,
			);
			mainGroup = ECE378B5740186A43433FB1D;
			projectDirPath = "";
			projectRoot = "";
			targets = (
				54F7281184E96E56824A94D5,
			);
		};
/* End PBXProject section */

/* Begin PBXResourcesBuildPhase section */
		76EBFFF36E419CF08260BD1A = {
			isa = PBXResourcesBuildPhase;
			buildActionMask = 2147483647;
			files = (
				0D24BC9D19F884353E90F22C,
			);
			runOnlyForDeploymentPostprocessing = 0;
		};
/* End PBXResourcesBuildPhase section */

/* Begin PBXSourcesBuildPhase section */
		AB9AE57FFF9C42D106C94BFA = {
			isa = PBXSourcesBuildPhase;
			buildActionMask = 2147483647;
			files = (
				9ACB0873225F70506A0940BE,
				7204A03D68E6672B741B093F,
				C5D03E5F96E06B4A64A8A13D,
				062DE8F140039ABAC5C99356,
				1631C65BF0381022A0EFCE63,
				674714149CA05D0B5EFC801A,
				459DFE2002BD25A4D5CA2921,
			);
			runOnlyForDeploymentPostprocessing = 0;
		};
/* End PBXSourcesBuildPhase section */

/* Begin XCBuildConfiguration section */
		0FECA47911AAC98813F831D6 /* Debug */ = {
			isa = XCBuildConfiguration;
			buildSettings = {
				ALWAYS_SEARCH_USER_PATHS = NO;
				CLANG_ENABLE_OBJC_WEAK = YES;
				CLANG_WARN_BLOCK_CAPTURE_AUTORELEASING = YES;
				CLANG_WARN_BOOL_CONVERSION = YES;
				CLANG_WARN_COMMA = YES;
				CLANG_WARN_CONSTANT_CONVERSION = YES;
				CLANG_WARN_DEPRECATED_OBJC_IMPLEMENTATIONS = YES;
				CLANG_WARN_EMPTY_BODY = YES;
				CLANG_WARN_ENUM_CONVERSION = YES;
				CLANG_WARN_INFINITE_RECURSION = YES;
				CLANG_WARN_INT_CONVERSION = YES;
				CLANG_WARN_NON_LITERAL_NULL_CONVERSION = YES;
				CLANG_WARN_OBJC_IMPLICIT_RETAIN_SELF = YES;
				CLANG_WARN_OBJC_LITERAL_CONVERSION = YES;
				CLANG_WARN_RANGE_LOOP_ANALYSIS = YES;
				CLANG_WARN_STRICT_PROTOTYPES = YES;
				CLANG_WARN_SUSPICIOUS_MOVE = YES;
				CLANG_WARN_UNREACHABLE_CODE = YES;
				CLANG_WARN__DUPLICATE_METHOD_MATCH = YES;
				DEBUG_INFORMATION_FORMAT = dwarf;
				ENABLE_STRICT_OBJC_MSGSEND = YES;
				ENABLE_TESTABILITY = NO;
				GCC_C_LANGUAGE_STANDARD = c11;
				GCC_INLINES_ARE_PRIVATE_EXTERN = YES;
				GCC_MODEL_TUNING = G5;
				GCC_NO_COMMON_BLOCKS = YES;
				GCC_SYMBOLS_PRIVATE_EXTERN = YES;
				GCC_WARN_64_TO_32_BIT_CONVERSION = YES;
				GCC_WARN_ABOUT_RETURN_TYPE = YES;
				GCC_WARN_CHECK_SWITCH_STATEMENTS = YES;
				GCC_WARN_MISSING_PARENTHESES = YES;
				GCC_WARN_NON_VIRTUAL_DESTRUCTOR = YES;
				GCC_WARN_TYPECHECK_CALLS_TO_PRINTF = YES;
				GCC_WARN_UNDECLARED_SELECTOR = YES;
				GCC_WARN_UNINITIALIZED_AUTOS = YES;
				GCC_WARN_UNUSED_FUNCTION = YES;
				GCC_WARN_UNUSED_VARIABLE = YES;
				ONLY_ACTIVE_ARCH = YES;
				PRODUCT_NAME = "PushColours";
				SDKROOT = macosx;
				WARNING_CFLAGS = "-Wreorder";
				ZERO_LINK = NO;
			};
			name = Debug;
		};
		2964A24A78E42344095523CF /* Debug */ = {
			isa = XCBuildConfiguration;
			buildSettings = {
				CLANG_CXX_LANGUAGE_STANDARD = "c++17";
				CLANG_CXX_LIBRARY = "libc++";
				CLANG_LINK_OBJC_RUNTIME = NO;
				COMBINE_HIDPI_IMAGES = YES;
				CONFIGURATION_BUILD_DIR = "$(PROJECT_DIR)/build/$(CONFIGURATION)";
				COPY_PHASE_STRIP = NO;
				EXCLUDED_ARCHS = "";
				GCC_DYNAMIC_NO_PIC = NO;
				GCC_OPTIMIZATION_LEVEL = 0;
				GCC_PREPROCESSOR_DEFINITIONS = (
					"_DEBUG=1",
					"DEBUG=1",
					"JUCE_DISPLAY_SPLASH_SCREEN=0",
					"JUCE_USE_DARK_SPLASH_SCREEN=1",
					"JUCE_PROJUCER_VERSION=0x7000a",
					"JUCE_MODULE_AVAILABLE_juce_core=1",
					"JUCE_MODULE_AVAILABLE_juce_data_structures=1",
					"JUCE_MODULE_AVAILABLE_juce_events=1",
					"JUCE_MODULE_AVAILABLE_juce_graphics=1",
					"JUCE_MODULE_AVAILABLE_juce_gui_basics=1",
					"JUCE_GLOBAL_MODULE_SETTINGS_INCLUDED=1",
					"JUCE_STRICT_REFCOUNTEDPOINTER=1",
					"JUCE_STANDALONE_APPLICATION=1",
					"JUCER_XCODE_MAC_F6D2F4CF=1",
					"JUCE_APP_VERSION=1.0.0",
					"JUCE_APP_VERSION_HEX=0x10000",
					"JucePlugin_Build_VST=0",
					"JucePlugin_Build_VST3=0",
					"JucePlugin_Build_AU=0",
					"JucePlugin_Build_AUv3=0",
					"JucePlugin_Build_AAX=0",
					"JucePlugin_Build_Standalone=0",
					"JucePlugin_Build_Unity=0",
					"JucePlugin_Build_LV2=0",
				);
				GCC_VERSION = com.apple.compilers.llvm.clang.1_0;
				HEADER_SEARCH_PATHS = (
					"$(SRCROOT)/../../JuceLibraryCode",
					"$(SRCROOT)/../../../modules/juce/modules",
					"$(inherited)",
				);
				INFOPLIST_FILE = Info-App.plist;
				INFOPLIST_PREPROCESS = NO;
				INSTALL_PATH = "$(HOME)/Applications";
				MACOSX_DEPLOYMENT_TARGET = 10.13;
				MTL_HEADER_SEARCH_PATHS = "$(SRCROOT)/../../JuceLibraryCode $(SRCROOT)/../../../modules/juce/modules";
				PRODUCT_BUNDLE_IDENTIFIER = com.yourcompany.PushColours;
				PRODUCT_NAME = "PushColours";
				USE_HEADERMAP = NO;
				VALID_ARCHS = "i386 x86_64 arm64 arm64e";
			};
			name = Debug;
		};
		5E7306FDAA5B7B20892D14B2 /* Release */ = {
			isa = XCBuildConfiguration;
			buildSettings = {
				ALWAYS_SEARCH_USER_PATHS = NO;
				CLANG_ENABLE_OBJC_WEAK = YES;
				CLANG_WARN_BLOCK_CAPTURE_AUTORELEASING = YES;
				CLANG_WARN_BOOL_CONVERSION = YES;
				CLANG_WARN_COMMA = YES;
				CLANG_WARN_CONSTANT_CONVERSION = YES;
				CLANG_WARN_DEPRECATED_OBJC_IMPLEMENTATIONS = YES;
				CLANG_WARN_EMPTY_BODY = YES;
				CLANG_WARN_ENUM_CONVERSION = YES;
				CLANG_WARN_INFINITE_RECURSION = YES;
				CLANG_WARN_INT_CONVERSION = YES;
				CLANG_WARN_NON_LITERAL_NULL_CONVERSION = YES;
				CLANG_WARN_OBJC_IMPLICIT_RETAIN_SELF = YES;
				CLANG_WARN_OBJC_LITERAL_CONVERSION = YES;
				CLANG_WARN_RANGE_LOOP_ANALYSIS = YES;
				CLANG_WARN_STRICT_PROTOTYPES = YES;
				CLANG_WARN_SUSPICIOUS_MOVE = YES;
				CLANG_WARN_UNREACHABLE_CODE = YES;
				CLANG_WARN__DUPLICATE_METHOD_MATCH = YES;
				DEBUG_INFORMATION_FORMAT = dwarf;
				ENABLE_STRICT_OBJC_MSGSEND = YES;
				ENABLE_TESTABILITY = NO;
				GCC_C_LANGUAGE_STANDARD = c11;
				GCC_INLINES_ARE_PRIVATE_EXTERN = YES;
				GCC_MODEL_TUNING = G5;
				GCC_NO_COMMON_BLOCKS = YES;
				GCC_SYMBOLS_PRIVATE_EXTERN = YES;
				GCC_WARN_64_TO_32_BIT_CONVERSION = YES;
				GCC_WARN_ABOUT_RETURN_TYPE = YES;
				GCC_WARN_CHECK_SWITCH_STATEMENTS = YES;
				GCC_WARN_MISSING_PARENTHESES = YES;
				GCC_WARN_NON_VIRTUAL_DESTRUCTOR = YES;
				GCC_WARN_TYPECHECK_CALLS_TO_PRINTF = YES;
				GCC_WARN_UNDECLARED_SELECTOR = YES;
				GCC_WARN_UNINITIALIZED_AUTOS = YES;
				GCC_WARN_UNUSED_FUNCTION = YES;
				GCC_WARN_UNUSED_VARIABLE = YES;
				PRODUCT_NAME = "PushColours";
				SDKROOT = macosx;
				WARNING_CFLAGS = "-Wreorder";
				ZERO_LINK = NO;
			};
			name = Release;
		};
		DA87A4FB43CDCA7D71FA6F4F /* Release */ = {
			isa = XCBuildConfiguration;
			buildSettings = {
				CLANG_CXX_LANGUAGE_STANDARD = "c++17";
				CLANG_CXX_LIBRARY = "libc++";
				CLANG_LINK_OBJC_RUNTIME = NO;
				COMBINE_HIDPI_IMAGES = YES;
				CONFIGURATION_BUILD_DIR = "$(PROJECT_DIR)/build/$(CONFIGURATION)";
				DEAD_CODE_STRIPPING = YES;
				EXCLUDED_ARCHS = "";
				GCC_GENERATE_DEBUGGING_SYMBOLS = NO;
				GCC_OPTIMIZATION_LEVEL = 3;
				GCC_PREPROCESSOR_DEFINITIONS = (
					"_NDEBUG=1",
					"NDEBUG=1",
					"JUCE_DISPLAY_SPLASH_SCREEN=0",
					"JUCE_USE_DARK_SPLASH_SCREEN=1",
					"JUCE_PROJUCER_VERSION=0x7000a",
					"JUCE_MODULE_AVAILABLE_juce_core=1",
					"JUCE_MODULE_AVAILABLE_juce_data_structures=1",
					"JUCE_MODULE_AVAILABLE_juce_events=1",
					"JUCE_MODULE_AVAILABLE_juce_graphics=1",
					"JUCE_MODULE_AVAILABLE_juce_gui_basics=1",
					"JUCE_GLOBAL_MODULE_SETTINGS_INCLUDED=1",
					"JUCE_STRICT_REFCOUNTEDPOINTER=1",
					"JUCE_STANDALONE_APPLICATION=1",
					"JUCER_XCODE_MAC_F6D2F4CF=1",
					"JUCE_APP_VERSION=1.0.0",
					"JUCE_APP_VERSION_HEX=0x10000",
					"JucePlugin_Build_VST=0",
					"JucePlugin_Build_VST3=0",
					"JucePlugin_Build_AU=0",
					"JucePlugin_Build_AUv3=0",
					"JucePlugin_Build_AAX=0",
					"JucePlugin_Build_Standalone=0",
					"JucePlugin_Build_Unity=0",
					"JucePlugin_Build_LV2=0",
				);
				GCC_VERSION = com.apple.compilers.llvm.clang.1_0;
				HEADER_SEARCH_PATHS = (
					"$(SRCROOT)/../../JuceLibraryCode",
					"$(SRCROOT)/../../../modules/juce/modules",
					"$(inherited)",
				);
				INFOPLIST_FILE = Info-App.plist;
				INFOPLIST_PREPROCESS = NO;
				INSTALL_PATH = "$(HOME)/Applications";
				LLVM_LTO = YES;
				MACOSX_DEPLOYMENT_TARGET = 10.13;
				MTL_HEADER_SEARCH_PATHS = "$(SRCROOT)/../../JuceLibraryCode $(SRCROOT)/../../../modules/juce/modules";
				PRODUCT_BUNDLE_IDENTIFIER = com.yourcompany.PushColours;
				PRODUCT_NAME = "PushColours";
				USE_HEADERMAP = NO;
				VALID_ARCHS = "i386 x86_64 arm64 arm64e";
			};
			name = Release;
		};
/* End XCBuildConfiguration section */

/* Begin XCConfigurationList section */
		86E480615D88CCBEC738D4CB = {
			isa = XCConfigurationList;
			buildConfigurations = (
				2964A24A78E42344095523CF,
				DA87A4FB43CDCA7D71FA6F4F,
			);
			defaultConfigurationIsVisible = 0;
			defaultConfigurationName = Debug;
		};
		BE36A9B396BB8FDAD8F05609 = {
			isa = XCConfigurationList;
			buildConfigurations = (
				0FECA47911AAC98813F831D6,
				5E7306FDAA5B7B20892D14B2,
			);
			defaultConfigurationIsVisible = 0;
			defaultConfigurationName = Debug;
		};
/* End XCConfigurationList section */
	};
	rootObject = F909AE4DD623CB5F4ACEC9AA /* Project object */;
}
